hash: 041fcb7e149469b504e41b427215f02b1245b6e2e8543f5c657dc4db1f6a0f29
updated: 2018-05-09T23:32:55.269329+03:00
imports:
- name: github.com/aws/aws-sdk-go
  version: 31bd69f7db00cbf3d85d129e16d42304cb6e455f
  subpackages:
  - aws
  - aws/awserr
  - aws/awsutil
  - aws/client
  - aws/client/metadata
  - aws/corehandlers
  - aws/credentials
  - aws/credentials/ec2rolecreds
  - aws/credentials/endpointcreds
  - aws/credentials/stscreds
  - aws/defaults
  - aws/ec2metadata
  - aws/endpoints
  - aws/request
  - aws/session
  - aws/signer/v4
  - internal/sdkio
  - internal/sdkrand
  - internal/shareddefaults
  - private/protocol
  - private/protocol/ec2query
  - private/protocol/query
  - private/protocol/query/queryutil
  - private/protocol/rest
  - private/protocol/xml/xmlutil
  - service/ec2
  - service/sts
- name: github.com/cristim/ec2-instances-info
  version: d2ae4817170d37217fffd340b5417b3005cae3d6
  subpackages:
  - data
- name: github.com/fsnotify/fsnotify
  version: 4da3e2cfbabc9f751898f250b49f2439785783a1
- name: github.com/go-ini/ini
  version: 7e7da451323b6766da368f8a1e8ec9a88a16b4a0
- name: github.com/hashicorp/hcl
  version: 42e33e2d55a0ff1d6263f738896ea8c13571a8d0
  subpackages:
  - hcl/ast
  - hcl/parser
  - hcl/scanner
  - hcl/strconv
  - hcl/token
  - json/parser
  - json/scanner
  - json/token
- name: github.com/inconshreveable/mousetrap
  version: 76626ae9c91c4f2a10f34cad8ce83ea42c93bb75
- name: github.com/jmespath/go-jmespath
  version: bd40a432e4c76585ef6b72d3fd96fb9b6dc7b68d
- name: github.com/magiconair/properties
  version: 8d7837e64d3c1ee4e54a880c5a920ab4316fc90a
- name: github.com/mitchellh/go-homedir
  version: b8bc1bf767474819792c23f32d8286a45736f1c6
- name: github.com/mitchellh/mapstructure
  version: d0303fe809921458f417bcf828397a65db30a7e4
- name: github.com/pelletier/go-toml
  version: 2009e44b6f182e34d8ce081ac2767622937ea3d4
- name: github.com/pkg/errors
  version: 816c9085562cd7ee03e7f8188a1cfd942858cded
- name: github.com/spf13/afero
  version: e67d870304c4bca21331b02f414f970df13aa694
  subpackages:
  - mem
- name: github.com/spf13/cast
  version: acbeb36b902d72a7a4c18e8f3241075e7ab763e4
- name: github.com/spf13/cobra
  version: 7b2c5ac9fc04fc5efafb60700713d4fa609b777b
- name: github.com/spf13/jwalterweatherman
  version: 12bd96e66386c1960ab0f74ced1362f66f552f7b
- name: github.com/spf13/pflag
  version: 1f33b80956cde38911d1f23d764deb8d77a649ce
- name: github.com/spf13/viper
  version: d9cca5ef33035202efb1586825bdbb15ff9ec3ba
- name: golang.org/x/sys
  version: 686000749eaec0b8855b8eef5336cf63899fe51d
  subpackages:
  - unix
- name: golang.org/x/text
  version: c01e4764d870b77f8abe5096ee19ad20d80e8075
  subpackages:
  - transform
  - unicode/norm
- name: gopkg.in/yaml.v2
  version: eb3733d160e74a9c7e442f435eb3bea458e1d19f
- name: k8s.io/client-go
  version: 23781f4d6632d88e869066eaebb743857aa1ef9b
testImports: []
